
Microsoft Visual Studio Solution File, Format Version 12.00
# Visual Studio Version 16
VisualStudioVersion = 16.0.31624.102
MinimumVisualStudioVersion = 10.0.40219.1
Project("{9A19103F-16F7-4668-BE54-9A1E7A4F7556}") = "J2dForms", "J2dForms\J2dForms.csproj", "{A3E767E9-5DEC-4C28-B932-2BF1E33B594D}"
EndProject
Project("{9A19103F-16F7-4668-BE54-9A1E7A4F7556}") = "J2dLib", "J2dLib\J2dLib.csproj", "{5F15EF9C-E9CB-436D-8FB1-DE2AC9B08319}"
EndProject
Project("{9A19103F-16F7-4668-BE54-9A1E7A4F7556}") = "J2dConsole", "J2dConsole\J2dConsole.csproj", "{BC0EA8EF-ABF1-4FBB-ADDB-92F3AD970B24}"
EndProject
Project("{FAE04EC0-301F-11D3-BF4B-00C04F79EFBC}") = "j2dTest", "j2dTest\j2dTest.csproj", "{EB95BB88-7C0D-4BA6-ACB2-3F01E59AE184}"
EndProject
Global
	GlobalSection(SolutionConfigurationPlatforms) = preSolution
		Debug|Any CPU = Debug|Any CPU
		Release|Any CPU = Release|Any CPU
	EndGlobalSection
	GlobalSection(ProjectConfigurationPlatforms) = postSolution
		{A3E767E9-5DEC-4C28-B932-2BF1E33B594D}.Debug|Any CPU.ActiveCfg = Debug|Any CPU
		{A3E767E9-5DEC-4C28-B932-2BF1E33B594D}.Debug|Any CPU.Build.0 = Debug|Any CPU
		{A3E767E9-5DEC-4C28-B932-2BF1E33B594D}.Release|Any CPU.ActiveCfg = Release|Any CPU
		{A3E767E9-5DEC-4C28-B932-2BF1E33B594D}.Release|Any CPU.Build.0 = Release|Any CPU
		{5F15EF9C-E9CB-436D-8FB1-DE2AC9B08319}.Debug|Any CPU.ActiveCfg = Debug|Any CPU
		{5F15EF9C-E9CB-436D-8FB1-DE2AC9B08319}.Debug|Any CPU.Build.0 = Debug|Any CPU
		{5F15EF9C-E9CB-436D-8FB1-DE2AC9B08319}.Release|Any CPU.ActiveCfg = Release|Any CPU
		{5F15EF9C-E9CB-436D-8FB1-DE2AC9B08319}.Release|Any CPU.Build.0 = Release|Any CPU
		{BC0EA8EF-ABF1-4FBB-ADDB-92F3AD970B24}.Debug|Any CPU.ActiveCfg = Debug|Any CPU
		{BC0EA8EF-ABF1-4FBB-ADDB-92F3AD970B24}.Debug|Any CPU.Build.0 = Debug|Any CPU
		{BC0EA8EF-ABF1-4FBB-ADDB-92F3AD970B24}.Release|Any CPU.ActiveCfg = Release|Any CPU
		{BC0EA8EF-ABF1-4FBB-ADDB-92F3AD970B24}.Release|Any CPU.Build.0 = Release|Any CPU
		{EB95BB88-7C0D-4BA6-ACB2-3F01E59AE184}.Debug|Any CPU.ActiveCfg = Debug|Any CPU
		{EB95BB88-7C0D-4BA6-ACB2-3F01E59AE184}.Debug|Any CPU.Build.0 = Debug|Any CPU
		{EB95BB88-7C0D-4BA6-ACB2-3F01E59AE184}.Release|Any CPU.ActiveCfg = Release|Any CPU
		{EB95BB88-7C0D-4BA6-ACB2-3F01E59AE184}.Release|Any CPU.Build.0 = Release|Any CPU
	EndGlobalSection
	GlobalSection(SolutionProperties) = preSolution
		HideSolutionNode = FALSE
	EndGlobalSection
	GlobalSection(ExtensibilityGlobals) = postSolution
		SolutionGuid = {7F07549E-F057-4ED2-B5FE-D0FF651DB740}
	EndGlobalSection
EndGlobal
